<?xml version="1.0" encoding="UTF-8" standalone="yes" ?>
<CodeBlocks_project_file>
	<FileVersion major="1" minor="6" />
	<Project>
		<Option title="Irrlicht Pong" />
		<Option pch_mode="0" />
		<Option compiler="gcc" />
		<Build>
			<Target title="default">
				<Option output="./Pong" prefix_auto="0" extension_auto="0" />
				<Option type="1" />
				<Option compiler="gcc" />
				<Option projectResourceIncludeDirsRelation="1" />
			</Target>
		</Build>
		<VirtualTargets>
			<Add alias="All" targets="default;" />
		</VirtualTargets>
		<Compiler>
			<Add directory="/home/Dev/libs/game/Irrlicht-SVN/include" />
		</Compiler>
		<Linker>
			<Add library="GL" />
			<Add library="Irrlicht" />
			<Add library="Xxf86vm" />
			<Add library="X11" />
			<Add directory="/home/Dev/libs/game/Irrlicht-SVN/lib/Linux" />
		</Linker>
		<Unit filename="GFramework.h" />
		<Unit filename="explosion.cpp" />
		<Unit filename="explosion.h" />
		<Unit filename="gameloop.cpp" />
		<Unit filename="gameloop.h" />
		<Unit filename="gamemanager.cpp" />
		<Unit filename="gamemanager.h" />
		<Unit filename="hud.cpp" />
		<Unit filename="hud.h" />
		<Unit filename="init.cpp" />
		<Unit filename="init.h" />
		<Unit filename="keylistener.cpp" />
		<Unit filename="keylistener.h" />
		<Unit filename="main.cpp" />
		<Unit filename="main.h" />
		<Unit filename="menu.cpp" />
		<Unit filename="menu.h" />
		<Unit filename="planet.cpp" />
		<Unit filename="planet.h" />
		<Unit filename="player.cpp" />
		<Unit filename="player.h" />
		<Unit filename="projectile.cpp" />
		<Unit filename="projectile.h" />
		<Unit filename="sTypes.h" />
		<Unit filename="ship.cpp" />
		<Unit filename="ship.h" />
		<Unit filename="stdafx.cpp" />
		<Unit filename="stdafx.h" />
		<Unit filename="targetver.h" />
		<Unit filename="turret.cpp" />
		<Unit filename="turret.h" />
		<Extensions>
			<code_completion />
			<debugger />
			<envvars />
		</Extensions>
	</Project>
</CodeBlocks_project_file>
