<?xml version="1.0" encoding="UTF-8" standalone="yes" ?>
<CodeBlocks_project_file>
	<FileVersion major="1" minor="6" />
	<Project>
		<Option title="Irrlicht Pong" />
		<Option pch_mode="0" />
		<Option compiler="gcc" />
		<Build>
			<Target title="default">
				<Option output="./Pong" prefix_auto="0" extension_auto="0" />
				<Option type="1" />
				<Option compiler="gcc" />
				<Option projectResourceIncludeDirsRelation="1" />
			</Target>
		</Build>
		<VirtualTargets>
			<Add alias="All" targets="default;" />
		</VirtualTargets>
		<Compiler>
			<Add directory="../../../LunaLibs/irrlicht-1.8.4/include" />
			<Add directory="/home/netpipe/Dev/LunaLibs/irrlicht-1.8.4/include" />
		</Compiler>
		<Linker>
			<Add library="Irrlicht" />
			<Add library="Xxf86vm" />
			<Add library="X11" />
			<Add library="GLX" />
			<Add library="GL" />
			<Add directory="../../../LunaLibs/irrlicht-1.8.4/lib/Linux" />
			<Add directory="/home/netpipe/Dev/LunaLibs/irrlicht-1.8.4/lib/Linux" />
		</Linker>
		<Unit filename="CEventReceiver.cpp" />
		<Unit filename="CEventReceiver.h" />
		<Unit filename="CGame.cpp" />
		<Unit filename="CGame.h" />
		<Unit filename="CIrrObject.cpp" />
		<Unit filename="CIrrObject.h" />
		<Unit filename="CPlayer.cpp" />
		<Unit filename="CPlayer.h" />
		<Unit filename="CPongBall.cpp" />
		<Unit filename="CPongBall.h" />
		<Unit filename="CSprite.cpp" />
		<Unit filename="CSprite.h" />
		<Unit filename="CTimer.cpp" />
		<Unit filename="CTimer.h" />
		<Extensions />
	</Project>
</CodeBlocks_project_file>
