<?xml version="1.0" encoding="UTF-8" standalone="yes" ?>
<CodeBlocks_project_file>
	<FileVersion major="1" minor="6" />
	<Project>
		<Option title="OpenGLSupport" />
		<Option pch_mode="2" />
		<Option compiler="gcc" />
		<Build>
			<Target title="Debug Win32">
				<Option output="../../lib/Debug/OpenGLSupport" prefix_auto="1" extension_auto="1" />
				<Option working_dir="" />
				<Option object_output="OpenGLSupport.dir/Debug" />
				<Option type="2" />
				<Option compiler="gcc" />
				<Option createDefFile="1" />
				<Compiler>
					<Add option="-DWIN32" />
					<Add option="-D_DEBUG" />
					<Add option="-DUSE_GRAPHICAL_BENCHMARK" />
					<Add option="-D_IRR_STATIC_LIB_" />
					<Add option="-D_CRT_SECURE_NO_WARNINGS" />
					<Add option="-D_CRT_SECURE_NO_DEPRECATE" />
					<Add option="-D_SCL_SECURE_NO_WARNINGS" />
					<Add option='-DCMAKE_INTDIR=\&quot;Debug\&quot;' />
					<Add option="-W" />
					<Add option="-O0" />
					<Add option="-frtti" />
					<Add directory="../../../../Glut" />
					<Add directory="../../../../src" />
					<Add directory="../../../../Extras/ConvexHull" />
				</Compiler>
				<ResourceCompiler>
					<Add directory="../../../../Glut" />
					<Add directory="../../../../src" />
					<Add directory="../../../../Extras/ConvexHull" />
				</ResourceCompiler>
			</Target>
			<Target title="Release Win32">
				<Option output="../../lib/Release/OpenGLSupport" prefix_auto="1" extension_auto="1" />
				<Option working_dir="" />
				<Option object_output="OpenGLSupport.dir/Release" />
				<Option type="2" />
				<Option compiler="gcc" />
				<Option createDefFile="1" />
				<Compiler>
					<Add option="-DWIN32" />
					<Add option="-DNDEBUG" />
					<Add option="-DUSE_GRAPHICAL_BENCHMARK" />
					<Add option="-D_IRR_STATIC_LIB_" />
					<Add option="-D_CRT_SECURE_NO_WARNINGS" />
					<Add option="-D_CRT_SECURE_NO_DEPRECATE" />
					<Add option="-D_SCL_SECURE_NO_WARNINGS" />
					<Add option='-DCMAKE_INTDIR=\&quot;Release\&quot;' />
					<Add option="-W" />
					<Add option="-O2" />
					<Add option="-frtti" />
					<Add directory="../../../../Glut" />
					<Add directory="../../../../src" />
					<Add directory="../../../../Extras/ConvexHull" />
				</Compiler>
				<ResourceCompiler>
					<Add directory="../../../../Glut" />
					<Add directory="../../../../src" />
					<Add directory="../../../../Extras/ConvexHull" />
				</ResourceCompiler>
			</Target>
			<Target title="MinSizeRel Win32">
				<Option output="../../lib/MinSizeRel/OpenGLSupport" prefix_auto="1" extension_auto="1" />
				<Option working_dir="" />
				<Option object_output="OpenGLSupport.dir/MinSizeRel" />
				<Option type="2" />
				<Option compiler="gcc" />
				<Option createDefFile="1" />
				<Compiler>
					<Add option="-DWIN32" />
					<Add option="-DNDEBUG" />
					<Add option="-DUSE_GRAPHICAL_BENCHMARK" />
					<Add option="-D_IRR_STATIC_LIB_" />
					<Add option="-D_CRT_SECURE_NO_WARNINGS" />
					<Add option="-D_CRT_SECURE_NO_DEPRECATE" />
					<Add option="-D_SCL_SECURE_NO_WARNINGS" />
					<Add option='-DCMAKE_INTDIR=\&quot;MinSizeRel\&quot;' />
					<Add option="-W" />
					<Add option="-O1" />
					<Add option="-frtti" />
					<Add directory="../../../../Glut" />
					<Add directory="../../../../src" />
					<Add directory="../../../../Extras/ConvexHull" />
				</Compiler>
				<ResourceCompiler>
					<Add directory="../../../../Glut" />
					<Add directory="../../../../src" />
					<Add directory="../../../../Extras/ConvexHull" />
				</ResourceCompiler>
			</Target>
			<Target title="RelWithDebInfo Win32">
				<Option output="../../lib/RelWithDebInfo/OpenGLSupport" prefix_auto="1" extension_auto="1" />
				<Option working_dir="" />
				<Option object_output="OpenGLSupport.dir/RelWithDebInfo" />
				<Option type="2" />
				<Option compiler="gcc" />
				<Option createDefFile="1" />
				<Compiler>
					<Add option="-DWIN32" />
					<Add option="-DNDEBUG" />
					<Add option="-DUSE_GRAPHICAL_BENCHMARK" />
					<Add option="-D_IRR_STATIC_LIB_" />
					<Add option="-D_CRT_SECURE_NO_WARNINGS" />
					<Add option="-D_CRT_SECURE_NO_DEPRECATE" />
					<Add option="-D_SCL_SECURE_NO_WARNINGS" />
					<Add option='-DCMAKE_INTDIR=\&quot;RelWithDebInfo\&quot;' />
					<Add option="-W" />
					<Add option="-O2" />
					<Add option="-frtti" />
					<Add directory="../../../../Glut" />
					<Add directory="../../../../src" />
					<Add directory="../../../../Extras/ConvexHull" />
				</Compiler>
				<ResourceCompiler>
					<Add directory="../../../../Glut" />
					<Add directory="../../../../src" />
					<Add directory="../../../../Extras/ConvexHull" />
				</ResourceCompiler>
			</Target>
		</Build>
		<Unit filename="../../../../Demos/OpenGL/DemoApplication.cpp" />
		<Unit filename="../../../../Demos/OpenGL/DemoApplication.h" />
		<Unit filename="../../../../Demos/OpenGL/GLDebugDrawer.cpp" />
		<Unit filename="../../../../Demos/OpenGL/GLDebugDrawer.h" />
		<Unit filename="../../../../Demos/OpenGL/GLDebugFont.cpp" />
		<Unit filename="../../../../Demos/OpenGL/GLDebugFont.h" />
		<Unit filename="../../../../Demos/OpenGL/GL_DialogDynamicsWorld.cpp" />
		<Unit filename="../../../../Demos/OpenGL/GL_DialogDynamicsWorld.h" />
		<Unit filename="../../../../Demos/OpenGL/GL_DialogWindow.cpp" />
		<Unit filename="../../../../Demos/OpenGL/GL_DialogWindow.h" />
		<Unit filename="../../../../Demos/OpenGL/GL_ShapeDrawer.cpp" />
		<Unit filename="../../../../Demos/OpenGL/GL_ShapeDrawer.h" />
		<Unit filename="../../../../Demos/OpenGL/GL_Simplex1to4.cpp" />
		<Unit filename="../../../../Demos/OpenGL/GL_Simplex1to4.h" />
		<Unit filename="../../../../Demos/OpenGL/GlutDemoApplication.cpp" />
		<Unit filename="../../../../Demos/OpenGL/GlutDemoApplication.h" />
		<Unit filename="../../../../Demos/OpenGL/GlutStuff.cpp" />
		<Unit filename="../../../../Demos/OpenGL/GlutStuff.h" />
		<Unit filename="../../../../Demos/OpenGL/RenderTexture.cpp" />
		<Unit filename="../../../../Demos/OpenGL/RenderTexture.h" />
		<Unit filename="../../../../Demos/OpenGL/Win32DemoApplication.cpp" />
		<Unit filename="../../../../Demos/OpenGL/Win32DemoApplication.h" />
		<Extensions>
			<code_completion />
			<envvars />
			<debugger />
		</Extensions>
	</Project>
</CodeBlocks_project_file>
