<?xml version="1.0" encoding="UTF-8" standalone="yes" ?>
<CodeBlocks_project_file>
	<FileVersion major="1" minor="6" />
	<Project>
		<Option title="libarizona" />
		<Option pch_mode="2" />
		<Option compiler="gcc" />
		<Build>
			<Target title="Debug">
				<Option output="bin\libarizona" prefix_auto="1" extension_auto="1" />
				<Option object_output="obj\Debug\" />
				<Option type="3" />
				<Option compiler="gcc" />
				<Option createDefFile="1" />
				<Option createStaticLib="1" />
				<Compiler>
					<Add option="-Wall" />
					<Add option="-g" />
					<Add option="-DBUILD_DLL" />
				</Compiler>
				<Linker>
					<Add library="user32" />
				</Linker>
				<ExtraCommands>
					<Add before="tolua.bat" />
				</ExtraCommands>
			</Target>
			<Target title="Release">
				<Option output="bin\libarizona" prefix_auto="1" extension_auto="1" />
				<Option object_output="obj\Release\" />
				<Option type="3" />
				<Option compiler="gcc" />
				<Option createDefFile="1" />
				<Option createStaticLib="1" />
				<Compiler>
					<Add option="-Wall" />
					<Add option="-DBUILD_DLL" />
					<Add option="-O2" />
				</Compiler>
				<Linker>
					<Add option="-s" />
					<Add library="user32" />
				</Linker>
			</Target>
		</Build>
		<Compiler>
			<Add directory="..\..\..\..\engine\include" />
			<Add directory="..\..\..\..\engine\include\lua" />
		</Compiler>
		<Linker>
			<Add library="PeakEngine" />
			<Add library="..\..\..\..\bin\libtolua++.dll" />
			<Add library="..\..\..\..\bin\lua51.dll" />
			<Add directory="..\..\..\..\bin" />
			<Add directory="..\..\..\..\lib" />
		</Linker>
		<Unit filename="Player.cpp" />
		<Unit filename="Player.h" />
		<Unit filename="Plugin.cpp" />
		<Unit filename="Plugin.h" />
		<Unit filename="Weapon.cpp" />
		<Unit filename="Weapon.h" />
		<Unit filename="lua_src.cpp" />
		<Extensions>
			<code_completion />
			<envvars />
			<debugger />
			<lib_finder disable_auto="1" />
		</Extensions>
	</Project>
</CodeBlocks_project_file>
