<?xml version="1.0" encoding="UTF-8" standalone="yes" ?>
<CodeBlocks_project_file>
	<FileVersion major="1" minor="6" />
	<Project>
		<Option title="Irrlicht Example 27 Geometry Creator" />
		<Option pch_mode="0" />
		<Option compiler="gcc" />
		<Build>
			<Target title="Linux">
				<Option platforms="Unix;" />
				<Option output="../../bin/Linux/GeometryCreator" prefix_auto="0" extension_auto="0" />
				<Option working_dir="../../bin/Linux/" />
				<Option object_output=".objs/Linux" />
				<Option type="1" />
				<Option compiler="gcc" />
				<Option projectResourceIncludeDirsRelation="1" />
				<Compiler>
					<Add option="-g" />
					<Add option="-D_IRR_STATIC_LIB_" />
					<Add directory="/home/Dev/libs/game/Irrlicht-SVN/include" />
				</Compiler>
				<Linker>
					<Add library="Xxf86vm" />
					<Add library="Xcursor" />
					<Add library="GL" />
					<Add library="X11" />
					<Add directory="/home/Dev/libs/game/Irrlicht-SVN/lib/Linux" />
				</Linker>
			</Target>
			<Target title="Windows">
				<Option platforms="Windows;" />
				<Option output="../../bin/Win32-gcc/GeometryCreator" prefix_auto="1" extension_auto="1" />
				<Option working_dir="../../bin/Win32-gcc/" />
				<Option object_output=".objs/Win32-gcc" />
				<Option type="1" />
				<Option compiler="gcc" />
				<Option projectResourceIncludeDirsRelation="1" />
				<Compiler>
					<Add option="-g" />
				</Compiler>
				<Linker>
					<Add directory="../../lib/Win32-gcc" />
				</Linker>
			</Target>
		</Build>
		<VirtualTargets>
			<Add alias="All" targets="Windows;Linux;" />
		</VirtualTargets>
		<Compiler>
			<Add option="-g" />
			<Add directory="../../include" />
		</Compiler>
		<Linker>
			<Add library="Irrlicht" />
			<Add directory="/home/Dev/libs/game/Irrlicht-SVN/lib/Linux" />
		</Linker>
		<Unit filename="CNormalSceneNode.cpp" />
		<Unit filename="CNormalSceneNode.h" />
		<Unit filename="createRainbowMesh.cpp" />
		<Unit filename="createRainbowMesh.h" />
		<Unit filename="renderToImage.cpp" />
		<Unit filename="renderToImage.h" />
		<Extensions>
			<code_completion />
			<debugger />
			<envvars />
		</Extensions>
	</Project>
</CodeBlocks_project_file>
