<?xml version="1.0" encoding="UTF-8" standalone="yes" ?>
<CodeBlocks_project_file>
	<FileVersion major="1" minor="6" />
	<Project>
		<Option title="Irrlicht Pong" />
		<Option pch_mode="0" />
		<Option compiler="gcc" />
		<Build>
			<Target title="default">
				<Option output="./Pong" prefix_auto="0" extension_auto="0" />
				<Option type="1" />
				<Option compiler="gcc" />
				<Option projectResourceIncludeDirsRelation="1" />
			</Target>
			<Target title="1.8.4">
				<Option output="example" prefix_auto="1" extension_auto="1" />
				<Option type="0" />
				<Option compiler="gcc" />
				<Option projectIncludeDirsRelation="1" />
				<Option projectLibDirsRelation="1" />
				<Compiler>
					<Add directory="../../../../LunaLibs/irrlicht-1.8.4/include" />
				</Compiler>
				<Linker>
					<Add directory="../../../../LunaLibs/irrlicht-1.8.4/lib/Linux" />
				</Linker>
			</Target>
			<Target title="emscripten">
				<Option output="./codeedit.html" prefix_auto="0" extension_auto="0" />
				<Option type="1" />
				<Option compiler="emscripten" />
				<Option projectLinkerOptionsRelation="1" />
				<Option projectIncludeDirsRelation="1" />
				<Option projectResourceIncludeDirsRelation="1" />
				<Option projectLibDirsRelation="1" />
				<Compiler>
					<Add option="-D_IRR_STATIC_LIB_" />
					<Add option="-D_IRR_EMSCRIPTEN_PLATFORM_" />
					<Add option="-D__EMSCRIPTEN__" />
					<Add directory="/run/media/netpipe/df7f53ef-2a98-4562-a498-7da578dab660/games/Luna/EMLibs/irrlicht-ogl-es/irrlicht/include" />
				</Compiler>
				<Linker>
					<Add option="-s ALLOW_MEMORY_GROWTH=1" />
					<Add option="--preload-file media/" />
					<Add option="-s FULL_ES2=1" />
					<Add option="-s DISABLE_EXCEPTION_CATCHING=0" />
					<Add option="-s NO_EXIT_RUNTIME=1" />
					<Add library="Irrlicht" />
					<Add library="GL" />
					<Add library="GLESv2" />
					<Add directory="/run/media/netpipe/df7f53ef-2a98-4562-a498-7da578dab660/games/Luna/EMLibs/irrlicht-ogl-es/irrlicht/lib/Linux" />
				</Linker>
			</Target>
		</Build>
		<VirtualTargets>
			<Add alias="All" targets="default;" />
		</VirtualTargets>
		<Compiler>
			<Add option="-fpermissive" />
			<Add directory="/home/Dev/libs/game/Irrlicht-SVN/include" />
		</Compiler>
		<Linker>
			<Add option="-fpermissive" />
			<Add library="Irrlicht" />
			<Add library="GL" />
			<Add library="Xxf86vm" />
			<Add library="X11" />
			<Add directory="/home/Dev/libs/game/Irrlicht-SVN/lib/Linux" />
		</Linker>
		<Unit filename="codeEdit/CGUIEditBoxIRB.cpp" />
		<Unit filename="codeEdit/CGUIEditBoxIRB.h" />
		<Unit filename="main.cpp" />
		<Extensions />
	</Project>
</CodeBlocks_project_file>
