<?xml version="1.0" encoding="UTF-8" standalone="yes" ?>
<CodeBlocks_project_file>
	<FileVersion major="1" minor="6" />
	<Project>
		<Option title="APP" />
		<Option pch_mode="2" />
		<Option compiler="gcc" />
		<Build>
			<Target title="Debug">
				<Option output="bin/APP-DEBUG" prefix_auto="1" extension_auto="1" />
				<Option working_dir="bin/" />
				<Option object_output="./" />
				<Option type="1" />
				<Option compiler="gcc" />
				<Compiler>
					<Add option="-g" />
				</Compiler>
			</Target>
			<Target title="Release">
				<Option output="bin/APP-START" prefix_auto="1" extension_auto="1" />
				<Option working_dir="bin/" />
				<Option object_output="./" />
				<Option type="0" />
				<Option compiler="gcc" />
				<Compiler>
					<Add option="-O3" />
				</Compiler>
				<Linker>
					<Add option="-s" />
				</Linker>
			</Target>
		</Build>
		<Compiler>
			<Add option="-Wall" />
			<Add directory="/home/Dev/libs/game/irrlicht/Irrlicht-SVN/include" />
			<Add directory="/home/netpipe/gamedev/irrlicht-1.8.4/include" />
		</Compiler>
		<Linker>
			<Add library="Irrlicht" />
			<Add library="GL" />
			<Add library="Xxf86vm" />
			<Add library="X11" />
			<Add library="stdc++" />
			<Add library="libgcc" />
			<Add directory="bin" />
			<Add directory="resources" />
			<Add directory="/home/Dev/libs/game/irrlicht/Irrlicht-SVN/lib/Linux" />
			<Add directory="/home/netpipe/gamedev/irrlicht-1.8.4/lib/Linux" />
		</Linker>
		<Unit filename="headers.h" />
		<Unit filename="main.cpp" />
		<Extensions />
	</Project>
</CodeBlocks_project_file>
