<?xml version="1.0" encoding="UTF-8" standalone="yes" ?>
<CodeBlocks_project_file>
	<FileVersion major="1" minor="6" />
	<Project>
		<Option title="BulletSoftBody" />
		<Option pch_mode="2" />
		<Option compiler="gcc" />
		<Build>
			<Target title="Debug Win32">
				<Option output="../../lib/Debug/BulletSoftBody" prefix_auto="1" extension_auto="1" />
				<Option working_dir="" />
				<Option object_output="BulletSoftBody.dir/Debug" />
				<Option type="2" />
				<Option compiler="gcc" />
				<Option createDefFile="1" />
				<Compiler>
					<Add option="-DWIN32" />
					<Add option="-D_DEBUG" />
					<Add option="-DUSE_GRAPHICAL_BENCHMARK" />
					<Add option="-D_IRR_STATIC_LIB_" />
					<Add option="-D_CRT_SECURE_NO_WARNINGS" />
					<Add option="-D_CRT_SECURE_NO_DEPRECATE" />
					<Add option="-D_SCL_SECURE_NO_WARNINGS" />
					<Add option='-DCMAKE_INTDIR=\&quot;Debug\&quot;' />
					<Add option="-W" />
					<Add option="-O0" />
					<Add option="-frtti" />
					<Add directory="../../../../Glut" />
					<Add directory="../../../../src" />
				</Compiler>
				<ResourceCompiler>
					<Add directory="../../../../Glut" />
					<Add directory="../../../../src" />
				</ResourceCompiler>
			</Target>
			<Target title="Release Win32">
				<Option output="../../lib/Release/BulletSoftBody" prefix_auto="1" extension_auto="1" />
				<Option working_dir="" />
				<Option object_output="BulletSoftBody.dir/Release" />
				<Option type="2" />
				<Option compiler="gcc" />
				<Option createDefFile="1" />
				<Compiler>
					<Add option="-DWIN32" />
					<Add option="-DNDEBUG" />
					<Add option="-DUSE_GRAPHICAL_BENCHMARK" />
					<Add option="-D_IRR_STATIC_LIB_" />
					<Add option="-D_CRT_SECURE_NO_WARNINGS" />
					<Add option="-D_CRT_SECURE_NO_DEPRECATE" />
					<Add option="-D_SCL_SECURE_NO_WARNINGS" />
					<Add option='-DCMAKE_INTDIR=\&quot;Release\&quot;' />
					<Add option="-W" />
					<Add option="-O2" />
					<Add option="-frtti" />
					<Add directory="../../../../Glut" />
					<Add directory="../../../../src" />
				</Compiler>
				<ResourceCompiler>
					<Add directory="../../../../Glut" />
					<Add directory="../../../../src" />
				</ResourceCompiler>
			</Target>
			<Target title="MinSizeRel Win32">
				<Option output="../../lib/MinSizeRel/BulletSoftBody" prefix_auto="1" extension_auto="1" />
				<Option working_dir="" />
				<Option object_output="BulletSoftBody.dir/MinSizeRel" />
				<Option type="2" />
				<Option compiler="gcc" />
				<Option createDefFile="1" />
				<Compiler>
					<Add option="-DWIN32" />
					<Add option="-DNDEBUG" />
					<Add option="-DUSE_GRAPHICAL_BENCHMARK" />
					<Add option="-D_IRR_STATIC_LIB_" />
					<Add option="-D_CRT_SECURE_NO_WARNINGS" />
					<Add option="-D_CRT_SECURE_NO_DEPRECATE" />
					<Add option="-D_SCL_SECURE_NO_WARNINGS" />
					<Add option='-DCMAKE_INTDIR=\&quot;MinSizeRel\&quot;' />
					<Add option="-W" />
					<Add option="-O1" />
					<Add option="-frtti" />
					<Add directory="../../../../Glut" />
					<Add directory="../../../../src" />
				</Compiler>
				<ResourceCompiler>
					<Add directory="../../../../Glut" />
					<Add directory="../../../../src" />
				</ResourceCompiler>
			</Target>
			<Target title="RelWithDebInfo Win32">
				<Option output="../../lib/RelWithDebInfo/BulletSoftBody" prefix_auto="1" extension_auto="1" />
				<Option working_dir="" />
				<Option object_output="BulletSoftBody.dir/RelWithDebInfo" />
				<Option type="2" />
				<Option compiler="gcc" />
				<Option createDefFile="1" />
				<Compiler>
					<Add option="-DWIN32" />
					<Add option="-DNDEBUG" />
					<Add option="-DUSE_GRAPHICAL_BENCHMARK" />
					<Add option="-D_IRR_STATIC_LIB_" />
					<Add option="-D_CRT_SECURE_NO_WARNINGS" />
					<Add option="-D_CRT_SECURE_NO_DEPRECATE" />
					<Add option="-D_SCL_SECURE_NO_WARNINGS" />
					<Add option='-DCMAKE_INTDIR=\&quot;RelWithDebInfo\&quot;' />
					<Add option="-W" />
					<Add option="-O2" />
					<Add option="-frtti" />
					<Add directory="../../../../Glut" />
					<Add directory="../../../../src" />
				</Compiler>
				<ResourceCompiler>
					<Add directory="../../../../Glut" />
					<Add directory="../../../../src" />
				</ResourceCompiler>
			</Target>
			<Target title="emscripten">
				<Option output="../../lib/Release/BulletSoftBody" prefix_auto="1" extension_auto="1" />
				<Option working_dir="" />
				<Option object_output="BulletSoftBody.dir/Release" />
				<Option type="2" />
				<Option compiler="gcc" />
				<Option createDefFile="1" />
				<Compiler>
					<Add option="-O2" />
					<Add option="-W" />
					<Add option="-frtti" />
					<Add option="-DNDEBUG" />
					<Add option="-DUSE_GRAPHICAL_BENCHMARK" />
					<Add option="-D_IRR_STATIC_LIB_" />
					<Add option="-D_CRT_SECURE_NO_WARNINGS" />
					<Add option="-D_CRT_SECURE_NO_DEPRECATE" />
					<Add option="-D_SCL_SECURE_NO_WARNINGS" />
					<Add option='-DCMAKE_INTDIR=\&quot;Release\&quot;' />
					<Add directory="../../../../Glut" />
					<Add directory="../../../../src" />
				</Compiler>
				<ResourceCompiler>
					<Add directory="../../../../Glut" />
					<Add directory="../../../../src" />
				</ResourceCompiler>
			</Target>
		</Build>
		<Unit filename="../../../../src/BulletSoftBody/btDefaultSoftBodySolver.cpp" />
		<Unit filename="../../../../src/BulletSoftBody/btDefaultSoftBodySolver.h" />
		<Unit filename="../../../../src/BulletSoftBody/btSoftBody.cpp" />
		<Unit filename="../../../../src/BulletSoftBody/btSoftBody.h" />
		<Unit filename="../../../../src/BulletSoftBody/btSoftBodyConcaveCollisionAlgorithm.cpp" />
		<Unit filename="../../../../src/BulletSoftBody/btSoftBodyConcaveCollisionAlgorithm.h" />
		<Unit filename="../../../../src/BulletSoftBody/btSoftBodyData.h" />
		<Unit filename="../../../../src/BulletSoftBody/btSoftBodyHelpers.cpp" />
		<Unit filename="../../../../src/BulletSoftBody/btSoftBodyHelpers.h" />
		<Unit filename="../../../../src/BulletSoftBody/btSoftBodyInternals.h" />
		<Unit filename="../../../../src/BulletSoftBody/btSoftBodyRigidBodyCollisionConfiguration.cpp" />
		<Unit filename="../../../../src/BulletSoftBody/btSoftBodyRigidBodyCollisionConfiguration.h" />
		<Unit filename="../../../../src/BulletSoftBody/btSoftBodySolverVertexBuffer.h" />
		<Unit filename="../../../../src/BulletSoftBody/btSoftBodySolvers.h" />
		<Unit filename="../../../../src/BulletSoftBody/btSoftRigidCollisionAlgorithm.cpp" />
		<Unit filename="../../../../src/BulletSoftBody/btSoftRigidCollisionAlgorithm.h" />
		<Unit filename="../../../../src/BulletSoftBody/btSoftRigidDynamicsWorld.cpp" />
		<Unit filename="../../../../src/BulletSoftBody/btSoftRigidDynamicsWorld.h" />
		<Unit filename="../../../../src/BulletSoftBody/btSoftSoftCollisionAlgorithm.cpp" />
		<Unit filename="../../../../src/BulletSoftBody/btSoftSoftCollisionAlgorithm.h" />
		<Unit filename="../../../../src/BulletSoftBody/btSparseSDF.h" />
		<Extensions>
			<code_completion />
			<envvars />
			<debugger />
		</Extensions>
	</Project>
</CodeBlocks_project_file>
