<?xml version="1.0" encoding="UTF-8" standalone="yes" ?>
<CodeBlocks_project_file>
	<FileVersion major="1" minor="6" />
	<Project>
		<Option title="Collision" />
		<Option pch_mode="2" />
		<Option compiler="gcc" />
		<Build>
			<Target title="Debug Win32">
				<Option output="../../bin/Win32-VisualStudio/BspCollision" prefix_auto="1" extension_auto="1" />
				<Option object_output="Debug" />
				<Option type="1" />
				<Option compiler="gcc" />
				<Compiler>
					<Add option="-DWIN32" />
					<Add option="-D_DEBUG" />
					<Add option="-D_CONSOLE" />
					<Add option="-W" />
					<Add option="-g" />
					<Add option="-O0" />
					<Add directory="../../include" />
					<Add directory="C:/Program Files/NewtonSDK/sdk" />
				</Compiler>
				<ResourceCompiler>
					<Add directory="../../include" />
					<Add directory="C:/Program Files/NewtonSDK/sdk" />
				</ResourceCompiler>
				<Linker>
					<Add library="newton" />
					<Add directory="../../lib/Win32-visualstudio" />
					<Add directory="C:/Program Files/NewtonSDK/sdk/dll" />
				</Linker>
			</Target>
			<Target title="Release Win32">
				<Option output="./bin/BspCollision" prefix_auto="1" extension_auto="1" />
				<Option object_output="Release" />
				<Option type="1" />
				<Option compiler="gcc" />
				<Compiler>
					<Add option="-DWIN32" />
					<Add option="-DNDEBUG" />
					<Add option="-D_CONSOLE" />
					<Add option="-D_NEWTON_USE_LIB" />
					<Add option="-W" />
					<Add option="-O2" />
					<Add directory="../../include" />
					<Add directory="C:/Program Files/NewtonSDK/sdk" />
				</Compiler>
				<ResourceCompiler>
					<Add directory="../../include" />
					<Add directory="C:/Program Files/NewtonSDK/sdk" />
				</ResourceCompiler>
				<Linker>
					<Add library="newton" />
					<Add directory="../../lib/Win32-visualstudio" />
					<Add directory="C:/Program Files/NewtonSDK/sdk/lib_mt" />
				</Linker>
			</Target>
			<Target title="Linux">
				<Option output="./bin/BspCollision" prefix_auto="1" extension_auto="1" />
				<Option object_output="Release" />
				<Option type="1" />
				<Option compiler="gcc" />
				<Compiler>
					<Add option="-O2" />
					<Add option="-W" />
					<Add option="-DWIN32" />
					<Add option="-DNDEBUG" />
					<Add option="-D_CONSOLE" />
					<Add option="-D_NEWTON_USE_LIB" />
					<Add directory="/run/media/netpipe/df7f53ef-2a98-4562-a498-7da578dab660/Dev/libs/game/irrlicht/Irrlicht-SVN/include" />
					<Add directory="/run/media/netpipe/df7f53ef-2a98-4562-a498-7da578dab660/games/Luna/IrrlichtDemos-git/Physics/IrrNewt-2.0/libs/newton-dynamics-2.32/coreLibrary_200/source" />
				</Compiler>
				<ResourceCompiler>
					<Add directory="../../include" />
					<Add directory="C:/Program Files/NewtonSDK/sdk" />
				</ResourceCompiler>
				<Linker>
					<Add library="newton" />
					<Add library="Irrlicht" />
					<Add library="GL" />
					<Add library="Xxf86vm" />
					<Add directory="/home/Dev/libs/game/Irrlicht-SVN/lib/Linux" />
					<Add directory="/run/media/netpipe/df7f53ef-2a98-4562-a498-7da578dab660/games/Luna/IrrlichtDemos-git/Physics/IrrNewt-2.0/libs/newton-dynamics-2.32/coreLibrary_200/projets/linux64" />
				</Linker>
			</Target>
		</Build>
		<Unit filename="Main.cpp" />
		<Unit filename="StdAfx.h" />
		<Unit filename="game.cpp" />
		<Unit filename="game.h" />
		<Extensions>
			<code_completion />
			<debugger />
		</Extensions>
	</Project>
</CodeBlocks_project_file>
