<?xml version="1.0" encoding="UTF-8" standalone="yes" ?>
<CodeBlocks_project_file>
	<FileVersion major="1" minor="6" />
	<Project>
		<Option title="ClockSceneNode" />
		<Option pch_mode="2" />
		<Option compiler="gcc" />
		<Build>
			<Target title="Debug">
				<Option output="./bin/ClockSceneNode.exe" prefix_auto="0" extension_auto="0" />
				<Option working_dir="./bin" />
				<Option object_output="obj/Debug/" />
				<Option type="1" />
				<Option compiler="gcc" />
				<Option projectResourceIncludeDirsRelation="0" />
				<Compiler>
					<Add option="-W" />
					<Add option="-g" />
					<Add option="-DDEBUG" />
				</Compiler>
			</Target>
			<Target title="Release">
				<Option output="./bin/ClockSceneNode.exe" prefix_auto="0" extension_auto="0" />
				<Option working_dir="./bin" />
				<Option object_output="obj/Release/" />
				<Option type="1" />
				<Option compiler="gcc" />
				<Option projectResourceIncludeDirsRelation="0" />
				<Compiler>
					<Add option="-fexpensive-optimizations" />
					<Add option="-Os" />
					<Add option="-O3" />
					<Add option="-O" />
					<Add option="-s" />
					<Add option="-DnDEBUG" />
				</Compiler>
				<Linker>
					<Add option="-s" />
				</Linker>
			</Target>
			<Target title="Linux">
				<Option platforms="Unix;Mac;" />
				<Option output="./bin/ClockSceneNode" prefix_auto="1" extension_auto="1" />
				<Option type="1" />
				<Option compiler="gcc" />
				<Option use_console_runner="0" />
				<Compiler>
					<Add directory="/home/Dev/libs/game/Irrlicht-SVN/include" />
				</Compiler>
				<Linker>
					<Add library="Xxf86vm" />
					<Add library="GL" />
					<Add directory="/home/Dev/libs/game/Irrlicht-SVN/lib/Linux" />
				</Linker>
			</Target>
		</Build>
		<Compiler>
			<Add directory="/home/Dev/libs/game/Irrlicht-SVN/include" />
		</Compiler>
		<Linker>
			<Add library="Irrlicht" />
			<Add directory="Irrlicht" />
		</Linker>
		<Unit filename="CClockSceneNode.cpp" />
		<Unit filename="CClockSceneNode.h" />
		<Unit filename="CGUIClock.cpp" />
		<Unit filename="CGUIClock.h" />
		<Unit filename="main.cpp" />
		<Extensions>
			<code_completion />
			<envvars />
			<debugger />
		</Extensions>
	</Project>
</CodeBlocks_project_file>
