
Microsoft Visual Studio Solution File, Format Version 10.00
# Visual Studio 2008
Project("{8BC9CEB8-8B4A-11D0-8D11-00A0C91BC942}") = "GL_An8Viewer", "GL_An8Viewer\GL_An8Viewer.vcproj", "{423A271E-7A18-4338-8EAA-080ED29D766A}"
EndProject
Global
	GlobalSection(SolutionConfigurationPlatforms) = preSolution
		Debug|Win32 = Debug|Win32
		Release|Win32 = Release|Win32
	EndGlobalSection
	GlobalSection(ProjectConfigurationPlatforms) = postSolution
		{423A271E-7A18-4338-8EAA-080ED29D766A}.Debug|Win32.ActiveCfg = Debug|Win32
		{423A271E-7A18-4338-8EAA-080ED29D766A}.Debug|Win32.Build.0 = Debug|Win32
		{423A271E-7A18-4338-8EAA-080ED29D766A}.Release|Win32.ActiveCfg = Release|Win32
		{423A271E-7A18-4338-8EAA-080ED29D766A}.Release|Win32.Build.0 = Release|Win32
	EndGlobalSection
	GlobalSection(SolutionProperties) = preSolution
		HideSolutionNode = FALSE
	EndGlobalSection
EndGlobal
