<?xml version="1.0" encoding="UTF-8" standalone="yes" ?>
<CodeBlocks_project_file>
	<FileVersion major="1" minor="6" />
	<Project>
		<Option title="AgainstTheTide" />
		<Option pch_mode="0" />
		<Option compiler="gcc" />
		<Build>
			<Target title="default">
				<Option output="./AgainstTheTide" prefix_auto="0" extension_auto="0" />
				<Option type="1" />
				<Option compiler="gcc" />
				<Option projectResourceIncludeDirsRelation="1" />
			</Target>
		</Build>
		<VirtualTargets>
			<Add alias="All" targets="default;" />
		</VirtualTargets>
		<Compiler>
			<Add directory="/home/Dev/libs/Irrlicht/include" />
			<Add directory="../../../LunaLibs/irrlicht-1.8.4/include" />
		</Compiler>
		<Linker>
			<Add library="Irrlicht" />
			<Add library="Xxf86vm" />
			<Add library="GL" />
			<Add library="X11" />
			<Add directory="/home/Dev/libs/Irrlicht/lib/Linux" />
			<Add directory="../../../LunaLibs/irrlicht-1.8.4/lib/Linux" />
		</Linker>
		<Unit filename="AgainstTheTide.cpp" />
		<Unit filename="CWater.cpp" />
		<Unit filename="CWater.h" />
		<Unit filename="CWaterMesh.cpp" />
		<Unit filename="CWaterMesh.h" />
		<Unit filename="CWaveParticle.cpp" />
		<Unit filename="CWaveParticle.h" />
		<Unit filename="XEffects/CScreenQuad.h" />
		<Unit filename="XEffects/CShaderPre.cpp" />
		<Unit filename="XEffects/CShaderPre.h" />
		<Unit filename="XEffects/effectWrapper.cpp" />
		<Unit filename="XEffects/effectWrapper.h" />
		<Unit filename="XEffects/effectWrapperCB.h" />
		<Extensions />
	</Project>
</CodeBlocks_project_file>
