<?xml version="1.0" encoding="UTF-8" standalone="yes" ?>
<CodeBlocks_project_file>
	<FileVersion major="1" minor="6" />
	<Project>
		<Option title="entitymanager" />
		<Option pch_mode="2" />
		<Option compiler="gcc" />
		<Build>
			<Target title="Debug">
				<Option output="bin/Debug/entitymanager" prefix_auto="1" extension_auto="1" />
				<Option working_dir="./bin" />
				<Option object_output="obj/Debug/" />
				<Option type="1" />
				<Option compiler="gcc" />
				<Option use_console_runner="0" />
				<Compiler>
					<Add directory="/home/Dev/libs/Irrlicht/source/Irrlicht" />
					<Add directory="/home/Dev/libs/Irrlicht/include" />
					<Add directory="/home/Dev/libs/physics/bullet-2.75/src" />
				</Compiler>
				<Linker>
					<Add library="Xxf86vm" />
					<Add library="GL" />
					<Add directory="/home/Dev/libs/physics/bullet-2.75/src/BulletCollision" />
					<Add directory="/home/Dev/libs/physics/bullet-2.75/src/LinearMath" />
					<Add directory="/home/Dev/libs/physics/bullet-2.75/src/BulletDynamics" />
					<Add directory="/home/Dev/libs/Irrlicht/lib/Linux" />
					<Add directory="/home/Dev/libs/physics/bullet-2.75/src/BulletSoftBody" />
				</Linker>
			</Target>
			<Target title="Release">
				<Option output="bin/Release/entitymanager" prefix_auto="1" extension_auto="1" />
				<Option working_dir="./bin" />
				<Option object_output="obj/Release/" />
				<Option type="1" />
				<Option compiler="gcc" />
				<Compiler>
					<Add option="-Os" />
					<Add option="-O3" />
					<Add option="-O2" />
					<Add option="-O1" />
					<Add option="-O" />
					<Add option="-pedantic-errors" />
					<Add option="-pedantic" />
					<Add option="-w" />
					<Add option="-Wall" />
					<Add option="-ansi" />
				</Compiler>
				<Linker>
					<Add option="-s" />
					<Add option="-pg -lgmon" />
				</Linker>
			</Target>
		</Build>
		<Compiler>
			<Add option="-Wall" />
			<Add option="-W" />
		</Compiler>
		<Linker>
			<Add library="Irrlicht" />
			<Add library="BulletSoftBody" />
			<Add library="BulletDynamics" />
			<Add library="BulletCollision" />
			<Add library="LinearMath" />
		</Linker>
		<Unit filename="GameEntity/Entity/GlobalEntity.h" />
		<Unit filename="GameEntity/Entity/IEntity.cpp" />
		<Unit filename="GameEntity/Entity/IEntity.h" />
		<Unit filename="GameEntity/Entity/IEntityRigid.cpp" />
		<Unit filename="GameEntity/Entity/IEntityRigid.h" />
		<Unit filename="GameEntity/Entity/IEntityUnknown.cpp" />
		<Unit filename="GameEntity/Entity/IEntityUnknown.h" />
		<Unit filename="GameEntity/IEntityManager.cpp" />
		<Unit filename="GameEntity/IEntityManager.h" />
		<Unit filename="GameEntity/IEntityType.h" />
		<Unit filename="GamePhysique/Constraint/Constraint.cpp" />
		<Unit filename="GamePhysique/Constraint/Constraint.h" />
		<Unit filename="GamePhysique/GamePhysique.h" />
		<Unit filename="GamePhysique/Outils.cpp" />
		<Unit filename="GamePhysique/Outils.h" />
		<Unit filename="GamePhysique/Physique.cpp" />
		<Unit filename="GamePhysique/Physique.h" />
		<Unit filename="GamePhysique/PhysiqueObject/CollisionForm.cpp" />
		<Unit filename="GamePhysique/PhysiqueObject/CollisionForm.h" />
		<Unit filename="GamePhysique/PhysiqueObject/PhysiqueObject.cpp" />
		<Unit filename="GamePhysique/PhysiqueObject/PhysiqueObject.h" />
		<Unit filename="GamePhysique/PhysiqueObject/SoftPhysiqueObject.cpp" />
		<Unit filename="GamePhysique/PhysiqueObject/SoftPhysiqueObject.h" />
		<Unit filename="GamePhysique/PhysiqueObject/TerrainPhysique.cpp" />
		<Unit filename="GamePhysique/PhysiqueObject/TerrainPhysique.h" />
		<Unit filename="GameShader/ToonShading.cpp" />
		<Unit filename="GameShader/ToonShading.h" />
		<Unit filename="main.cpp" />
		<Extensions>
			<code_completion>
				<search_path add="..\..\IGZ" />
			</code_completion>
			<envvars />
			<debugger />
			<lib_finder disable_auto="1" />
			<AutoVersioning>
				<Scheme minor_max="10" build_max="0" rev_max="0" rev_rand_max="10" build_times_to_increment_minor="100" />
				<Settings autoincrement="1" date_declarations="1" do_auto_increment="0" ask_to_increment="0" language="C++" svn="0" svn_directory="" header_path="version.h" />
				<Changes_Log show_changes_editor="0" app_title="released version %M.%m.%b of %p" changeslog_path="ChangesLog.txt" />
			</AutoVersioning>
		</Extensions>
	</Project>
</CodeBlocks_project_file>
