<?xml version="1.0" encoding="UTF-8" standalone="yes" ?>
<CodeBlocks_project_file>
	<FileVersion major="1" minor="6" />
	<Project>
		<Option title="Xeffects example 2" />
		<Option pch_mode="2" />
		<Option compiler="gcc" />
		<Build>
			<Target title="Debug">
				<Option output="../Bin/xe" prefix_auto="1" extension_auto="1" />
				<Option working_dir="../Bin" />
				<Option object_output="obj/Debug/" />
				<Option type="1" />
				<Option compiler="gcc" />
				<Compiler>
					<Add option="-g" />
					<Add directory="/home/Dev/libs/Irrlicht/include" />
				</Compiler>
				<Linker>
					<Add library="GL" />
					<Add library="Irrlicht" />
					<Add library="Xxf86vm" />
					<Add directory="/home/Dev/libs/Irrlicht/lib/gcc" />
				</Linker>
			</Target>
			<Target title="Release">
				<Option output="bin/Release/xeffects" prefix_auto="1" extension_auto="1" />
				<Option object_output="obj/Release/" />
				<Option type="1" />
				<Option compiler="gcc" />
				<Compiler>
					<Add option="-O2" />
				</Compiler>
				<Linker>
					<Add option="-s" />
				</Linker>
			</Target>
		</Build>
		<Compiler>
			<Add option="-Wall" />
			<Add option="-fexceptions" />
		</Compiler>
		<Unit filename="../Source/CScreenQuad.h" />
		<Unit filename="../Source/CShaderPre.cpp" />
		<Unit filename="../Source/CShaderPre.h" />
		<Unit filename="../Source/effectWrapper.cpp" />
		<Unit filename="../Source/effectWrapper.h" />
		<Unit filename="../Source/effectWrapperCB.h" />
		<Unit filename="../Source/example2.cpp" />
		<Extensions>
			<code_completion />
			<debugger />
		</Extensions>
	</Project>
</CodeBlocks_project_file>
