<?xml version="1.0" encoding="UTF-8" standalone="yes" ?>
<CodeBlocks_project_file>
	<FileVersion major="1" minor="6" />
	<Project>
		<Option title="Weather" />
		<Option pch_mode="2" />
		<Option compiler="gcc" />
		<Build>
			<Target title="Debug">
				<Option output="bin/Debug/Weather" prefix_auto="1" extension_auto="1" />
				<Option working_dir="D:/irrlicht-1.8/bin/Win32-gcc" />
				<Option object_output="obj/Debug/" />
				<Option type="1" />
				<Option compiler="gcc" />
				<Compiler>
					<Add option="-g" />
				</Compiler>
			</Target>
			<Target title="Release">
				<Option output="bin/Release/Weather" prefix_auto="1" extension_auto="1" />
				<Option working_dir="D:/irrlicht-1.8/bin/Win32-gcc" />
				<Option object_output="obj/Release/" />
				<Option type="0" />
				<Option compiler="gcc" />
				<Compiler>
					<Add option="-O2" />
				</Compiler>
				<Linker>
					<Add option="-s" />
				</Linker>
			</Target>
		</Build>
		<Compiler>
			<Add option="-Wall" />
			<Add directory="D:/irrlicht-1.8/include" />
		</Compiler>
		<Linker>
			<Add library="Irrlicht" />
			<Add library="opengl32" />
			<Add library="glu32" />
			<Add library="gdi32" />
			<Add directory="D:/irrlicht-1.8/lib/Win32-gcc" />
		</Linker>
		<Unit filename="CloudSceneNode.cpp" />
		<Unit filename="CloudSceneNode.h" />
		<Unit filename="IAtmosphereCloudSceneNode.cpp" />
		<Unit filename="IAtmosphereCloudSceneNode.h" />
		<Unit filename="IAtmosphereRainSceneNode.cpp" />
		<Unit filename="IAtmosphereRainSceneNode.h" />
		<Unit filename="IAtmosphereSkySceneNode.cpp" />
		<Unit filename="IAtmosphereSkySceneNode.h" />
		<Unit filename="IAtmosphereStarSceneNode.cpp" />
		<Unit filename="IAtmosphereStarSceneNode.h" />
		<Unit filename="IWeatherManagerAtmosphere.cpp" />
		<Unit filename="IWeatherManagerAtmosphere.h" />
		<Unit filename="irrWeatherManager.cpp" />
		<Unit filename="irrWeatherManager.h" />
		<Unit filename="main.cpp" />
		<Extensions>
			<code_completion />
			<envvars />
			<debugger />
			<lib_finder disable_auto="1" />
		</Extensions>
	</Project>
</CodeBlocks_project_file>
