<?xml version="1.0" encoding="UTF-8" standalone="yes" ?>
<CodeBlocks_project_file>
	<FileVersion major="1" minor="6" />
	<Project>
		<Option title="SolarSystem" />
		<Option pch_mode="0" />
		<Option compiler="gcc" />
		<Build>
			<Target title="default">
				<Option output="./SolarSystem" prefix_auto="0" extension_auto="0" />
				<Option type="1" />
				<Option compiler="gcc" />
				<Option projectResourceIncludeDirsRelation="1" />
			</Target>
		</Build>
		<VirtualTargets>
			<Add alias="All" targets="default;" />
		</VirtualTargets>
		<Compiler>
			<Add directory="/home/Dev/libs/Irrlicht/include" />
			<Add directory="../../../LunaLibs/irrlicht-1.8.4/include" />
		</Compiler>
		<Linker>
			<Add library="Irrlicht" />
			<Add library="Xxf86vm" />
			<Add library="X11" />
			<Add library="GL" />
			<Add directory="/home/Dev/libs/Irrlicht/lib/gcc" />
			<Add directory="../../../LunaLibs/irrlicht-1.8.4/lib/Linux" />
		</Linker>
		<Unit filename="GameAnimatedMeshObject.cpp" />
		<Unit filename="GameAnimatedMeshObject.h" />
		<Unit filename="GameBillboardObject.cpp" />
		<Unit filename="GameBillboardObject.h" />
		<Unit filename="GameConfig.cpp" />
		<Unit filename="GameConfig.h" />
		<Unit filename="GameCore.cpp" />
		<Unit filename="GameCore.h" />
		<Unit filename="GameEventReceiver.cpp" />
		<Unit filename="GameEventReceiver.h" />
		<Unit filename="GameGlobals.cpp" />
		<Unit filename="GameGlobals.h" />
		<Unit filename="GameLightObject.cpp" />
		<Unit filename="GameLightObject.h" />
		<Unit filename="GameMain.cpp" />
		<Unit filename="GameMain.h" />
		<Unit filename="GameMap.cpp" />
		<Unit filename="GameMap.h" />
		<Unit filename="GameMapDescription.cpp" />
		<Unit filename="GameMapDescription.h" />
		<Unit filename="GameMeasurer.cpp" />
		<Unit filename="GameMeasurer.h" />
		<Unit filename="GameMeshObject.cpp" />
		<Unit filename="GameMeshObject.h" />
		<Unit filename="GameObject.cpp" />
		<Unit filename="GameObject.h" />
		<Unit filename="GamePointcloudObject.cpp" />
		<Unit filename="GamePointcloudObject.h" />
		<Unit filename="GameSkyBoxObject.cpp" />
		<Unit filename="GameSkyboxObject.h" />
		<Extensions />
	</Project>
</CodeBlocks_project_file>
