<?xml version="1.0" encoding="UTF-8" standalone="yes" ?>
<CodeBlocks_project_file>
	<FileVersion major="1" minor="6" />
	<Project>
		<Option title="TerrainExample" />
		<Option pch_mode="2" />
		<Option compiler="gcc" />
		<Build>
			<Target title="Debug">
				<Option output="..\bin\TerrainExample" prefix_auto="1" extension_auto="1" />
				<Option object_output="obj\Debug\" />
				<Option type="1" />
				<Option compiler="gcc" />
				<Compiler>
					<Add option="-g" />
					<Add directory="..\..\..\MinGW\include" />
					<Add directory="..\..\..\..\irrlicht-1.6\include" />
					<Add directory="..\..\..\..\irrlicht-1.6\source" />
					<Add directory="..\source" />
				</Compiler>
				<Linker>
					<Add library="..\..\..\..\irrlicht-1.6\IrrDX_v1_6\libIrrlicht.a" />
				</Linker>
			</Target>
			<Target title="Release">
				<Option output="..\bin\TerrainExample" prefix_auto="1" extension_auto="1" />
				<Option object_output="obj\Release\" />
				<Option type="1" />
				<Option compiler="gcc" />
				<Compiler>
					<Add option="-O2" />
				</Compiler>
				<Linker>
					<Add option="-s" />
				</Linker>
			</Target>
		</Build>
		<Compiler>
			<Add option="-Wall" />
			<Add option="-fexceptions" />
		</Compiler>
		<Unit filename="CGameCamera.cpp" />
		<Unit filename="CGameCamera.h" />
		<Unit filename="CGameInput.cpp" />
		<Unit filename="CGameInput.h" />
		<Unit filename="CGameTimer.h" />
		<Unit filename="main.cpp" />
		<Unit filename="..\source\CCollData.h" />
		<Unit filename="..\source\CCollEntity.cpp" />
		<Unit filename="..\source\CCollEntity.h" />
		<Unit filename="..\source\CCollManager.cpp" />
		<Unit filename="..\source\CCollManager.h" />
		<Unit filename="..\source\CCollObject.h" />
		<Unit filename="..\source\CCollOctree.cpp" />
		<Unit filename="..\source\CCollOctree.h" />
		<Unit filename="..\source\CCollSampler.cpp" />
		<Unit filename="..\source\CCollSampler.h" />
		<Unit filename="..\source\CCollSelector.cpp" />
		<Unit filename="..\source\CCollSelector.h" />
		<Unit filename="..\source\FunCollision.h" />
		<Extensions>
			<code_completion />
			<debugger />
		</Extensions>
	</Project>
</CodeBlocks_project_file>
