<?xml version="1.0" encoding="UTF-8" standalone="yes" ?>
<CodeBlocks_project_file>
	<FileVersion major="1" minor="6" />
	<Project>
		<Option title="irrConfigController" />
		<Option pch_mode="2" />
		<Option compiler="gcc" />
		<Build>
			<Target title="Debug">
				<Option output="irrConfigController" prefix_auto="1" extension_auto="1" />
				<Option working_dir="..\irrConfigController" />
				<Option object_output="..\..\_obj_dump\extensions\IrrConfigController\debug" />
				<Option type="1" />
				<Option compiler="gcc" />
				<Compiler>
					<Add option="-g" />
				</Compiler>
			</Target>
			<Target title="Release">
				<Option output="irrConfigController" prefix_auto="1" extension_auto="1" />
				<Option working_dir="..\irrConfigController" />
				<Option object_output="..\..\_obj_dump\extensions\IrrConfigController\release" />
				<Option type="0" />
				<Option compiler="gcc" />
				<Compiler>
					<Add option="-O2" />
				</Compiler>
				<Linker>
					<Add option="-s" />
				</Linker>
			</Target>
		</Build>
		<Compiler>
			<Add option="-Wall" />
			<Add directory="..\..\libs\irrlicht-1.7.1\include" />
			<Add directory="include" />
		</Compiler>
		<Linker>
			<Add library="Irrlicht" />
			<Add library="opengl32" />
			<Add library="glu32" />
			<Add library="gdi32" />
			<Add directory="..\..\libs\irrlicht-1.7.1\lib\Win32-gcc" />
		</Linker>
		<Unit filename="include\CStateDemo.h" />
		<Unit filename="include\CStateMachine.h" />
		<Unit filename="include\CStateSetup.h" />
		<Unit filename="include\IState.h" />
		<Unit filename="include\irrCC.h" />
		<Unit filename="source\CStateDemo.cpp" />
		<Unit filename="source\CStateMachine.cpp" />
		<Unit filename="source\CStateSetup.cpp" />
		<Unit filename="source\irrCC.cpp" />
		<Unit filename="source\main.cpp" />
		<Extensions>
			<code_completion />
			<debugger />
		</Extensions>
	</Project>
</CodeBlocks_project_file>
