<?xml version="1.0" encoding="UTF-8" standalone="yes" ?>
<CodeBlocks_project_file>
	<FileVersion major="1" minor="6" />
	<Project>
		<Option title="irrAn8Loader" />
		<Option pch_mode="2" />
		<Option compiler="gcc" />
		<Build>
			<Target title="Debug Win32">
				<Option output="irrAn8Loader" prefix_auto="1" extension_auto="1" />
				<Option object_output="Debug Win32" />
				<Option type="1" />
				<Option compiler="gcc" />
				<Compiler>
					<Add option="-g" />
					<Add option="-W" />
					<Add option="-O0" />
					<Add option="-DWIN32" />
					<Add option="-D_DEBUG" />
					<Add option="-D_CONSOLE" />
				</Compiler>
				<Linker>
					<Add library="kernel32" />
					<Add library="Irrlicht" />
				</Linker>
			</Target>
			<Target title="Release Win32">
				<Option output="irrAn8Loader" prefix_auto="1" extension_auto="1" />
				<Option object_output="Release Win32" />
				<Option type="1" />
				<Option compiler="gcc" />
				<Compiler>
					<Add option="-W" />
					<Add option="-DWIN32" />
					<Add option="-DNDEBUG" />
					<Add option="-D_CONSOLE" />
				</Compiler>
				<Linker>
					<Add library="kernel32" />
					<Add library="irrlicht" />
				</Linker>
			</Target>
			<Target title="Linux">
				<Option output="irrAn8Loader" prefix_auto="1" extension_auto="1" />
				<Option object_output="obj" />
				<Option type="1" />
				<Option compiler="gcc" />
				<Linker>
					<Add library="Irrlicht" />
					<Add library="Xxf86vm" />
					<Add library="X11" />
					<Add library="GL" />
				</Linker>
			</Target>
		</Build>
		<Compiler>
			<Add directory="../liban8/trunk/liban8" />
			<Add directory="/home/Dev/libs/game/Irrlicht-SVN/include" />
			<Add directory="../liban8/trunk/" />
		</Compiler>
		<Linker>
			<Add library="an8" />
			<Add directory="../liban8/trunk/liban8" />
			<Add directory="/home/Dev/libs/game/Irrlicht-SVN/lib/Linux" />
		</Linker>
		<Unit filename="ReadMe.txt" />
		<Unit filename="irrAn8Loader.cpp" />
		<Unit filename="irrAn8Loader.h" />
		<Unit filename="main.cpp" />
		<Extensions />
	</Project>
</CodeBlocks_project_file>
