<?xml version="1.0" encoding="UTF-8" standalone="yes" ?>
<CodeBlocks_project_file>
	<FileVersion major="1" minor="6" />
	<Project>
		<Option title="IrrIRC" />
		<Option pch_mode="0" />
		<Option compiler="gcc" />
		<Build>
			<Target title="default">
				<Option output="./IrrIRC" prefix_auto="0" extension_auto="0" />
				<Option type="1" />
				<Option compiler="gcc" />
				<Option projectResourceIncludeDirsRelation="1" />
			</Target>
		</Build>
		<VirtualTargets>
			<Add alias="All" targets="default;" />
		</VirtualTargets>
		<Compiler>
			<Add directory="/home/Dev/libs/Irrlicht/include" />
		</Compiler>
		<Linker>
			<Add library="GL" />
			<Add library="Irrlicht" />
			<Add library="Xxf86vm" />
			<Add library="boost_thread" />
			<Add directory="/home/Dev/libs/Irrlicht/lib/gcc" />
		</Linker>
		<Unit filename="Application.cpp" />
		<Unit filename="Application.h" />
		<Unit filename="Socket.cpp" />
		<Unit filename="Socket.h" />
		<Unit filename="botFuncts.h">
			<Option target="&lt;{~None~}&gt;" />
		</Unit>
		<Unit filename="gui/Gui.h" />
		<Unit filename="main.cpp" />
		<Extensions>
			<code_completion />
			<debugger />
		</Extensions>
	</Project>
</CodeBlocks_project_file>
