<?xml version="1.0" encoding="UTF-8" standalone="yes" ?>
<CodeBlocks_project_file>
	<FileVersion major="1" minor="6" />
	<Project>
		<Option title="Irrlicht Pong" />
		<Option pch_mode="0" />
		<Option compiler="gcc" />
		<Build>
			<Target title="default">
				<Option output="./Pong" prefix_auto="0" extension_auto="0" />
				<Option type="1" />
				<Option compiler="gcc" />
				<Option projectResourceIncludeDirsRelation="1" />
			</Target>
		</Build>
		<VirtualTargets>
			<Add alias="All" targets="default;" />
		</VirtualTargets>
		<Compiler>
			<Add option="-fPIC" />
			<Add option="`pkg-config Qt5OpenGL Qt5Widgets Qt5Gui Qt5Core Qt5Qml Qt5Network Qt5X11Extras --cflags`" />
			<Add option="-DIRC_SHARED" />
			<Add directory="/home/Dev/libs/game/Irrlicht-SVN/include" />
			<Add directory="/home/Dev/libs/net/IRC/libcommuni/include" />
			<Add directory="/usr/include/x86_64-linux-gnu/qt5" />
			<Add directory="/home/Dev/libs/net/IRC/libcommuni/include/IrcCore" />
			<Add directory="/home/Dev/libs/net/IRC/libcommuni/include/IrcModel" />
			<Add directory="/home/Dev/libs/net/IRC/libcommuni/include/IrcUtil" />
			<Add directory="./" />
			<Add directory="/usr/include/libdrm" />
			<Add directory="/usr/include/uchardet" />
		</Compiler>
		<Linker>
			<Add option="-DQT_DEPRECATED_WARNINGS" />
			<Add option="-DIRC_STATIC" />
			<Add option="-DQT_NO_DEBUG" />
			<Add option="-DQT_OPENGL_LIB" />
			<Add option="-DQT_WIDGETS_LIB" />
			<Add option="-DQT_GUI_LIB" />
			<Add option="-DQT_NETWORK_LIB" />
			<Add option="-DQT_CORE_LIB" />
			<Add library="Irrlicht" />
			<Add library="GL" />
			<Add library="Xxf86vm" />
			<Add library="X11" />
			<Add library="uchardet" />
			<Add library="Qt5OpenGL" />
			<Add library="Qt5Widgets" />
			<Add library="Qt5Gui" />
			<Add library="Qt5Core" />
			<Add library="Qt5X11Extras" />
			<Add library="QtNetwork" />
			<Add library="Qt5Qml" />
			<Add directory="/home/Dev/libs/game/Irrlicht-SVN/lib/Linux" />
			<Add directory="/home/Dev/libs/net/IRC/libcommuni/lib" />
		</Linker>
		<Unit filename="irrcorerenderer.cpp" />
		<Unit filename="irrcorerenderer.h" />
		<Unit filename="main.cpp" />
		<Unit filename="mainwindow.cpp" />
		<Unit filename="mainwindow.h" />
		<Unit filename="moc_irrcorerenderer.cpp" />
		<Unit filename="moc_mainwindow.cpp" />
		<Unit filename="moc_predefs.h" />
		<Unit filename="ui_mainwindow.h" />
		<Extensions>
			<code_completion />
			<debugger />
			<envvars />
		</Extensions>
	</Project>
</CodeBlocks_project_file>
